// !$*UTF8*$!
{
	archiveVersion = 1;
	classes = {
	};
	objectVersion = 46;
	objects = {

/* Begin PBXBuildFile section */
		B1CBF64E1B291577007E9AC9 /* main.m in Sources */ = {isa = PBXBuildFile; fileRef = B1CBF64D1B291577007E9AC9 /* main.m */; };
		B1CBF6511B291577007E9AC9 /* AppDelegate.m in Sources */ = {isa = PBXBuildFile; fileRef = B1CBF6501B291577007E9AC9 /* AppDelegate.m */; };
		B1CBF6541B291577007E9AC9 /* ViewController.m in Sources */ = {isa = PBXBuildFile; fileRef = B1CBF6531B291577007E9AC9 /* ViewController.m */; };
		B1CBF6571B291577007E9AC9 /* Main.storyboard in Resources */ = {isa = PBXBuildFile; fileRef = B1CBF6551B291577007E9AC9 /* Main.storyboard */; };
		B1CBF6591B291577007E9AC9 /* Images.xcassets in Resources */ = {isa = PBXBuildFile; fileRef = B1CBF6581B291577007E9AC9 /* Images.xcassets */; };
		B1CBF65C1B291577007E9AC9 /* LaunchScreen.xib in Resources */ = {isa = PBXBuildFile; fileRef = B1CBF65A1B291577007E9AC9 /* LaunchScreen.xib */; };
		B1CBF6681B291577007E9AC9 /* RuntimeTestTests.m in Sources */ = {isa = PBXBuildFile; fileRef = B1CBF6671B291577007E9AC9 /* RuntimeTestTests.m */; };
		B1CBF6751B291587007E9AC9 /* Student.m in Sources */ = {isa = PBXBuildFile; fileRef = B1CBF6721B291587007E9AC9 /* Student.m */; };
		B1CBF6761B291587007E9AC9 /* People.m in Sources */ = {isa = PBXBuildFile; fileRef = B1CBF6741B291587007E9AC9 /* People.m */; };
		B1CBF67C1B2927D1007E9AC9 /* UIButton+Address.m in Sources */ = {isa = PBXBuildFile; fileRef = B1CBF67B1B2927D1007E9AC9 /* UIButton+Address.m */; };
		B1CBF67F1B292C59007E9AC9 /* UIViewController+Tracking.m in Sources */ = {isa = PBXBuildFile; fileRef = B1CBF67E1B292C59007E9AC9 /* UIViewController+Tracking.m */; };
		B1CBF6821B293523007E9AC9 /* JRSwizzle.m in Sources */ = {isa = PBXBuildFile; fileRef = B1CBF6811B293523007E9AC9 /* JRSwizzle.m */; };
		B1CBF6881B2939DF007E9AC9 /* NSNotificationCenter+Help.m in Sources */ = {isa = PBXBuildFile; fileRef = B1CBF6871B2939DF007E9AC9 /* NSNotificationCenter+Help.m */; };
/* End PBXBuildFile section */

/* Begin PBXContainerItemProxy section */
		B1CBF6621B291577007E9AC9 /* PBXContainerItemProxy */ = {
			isa = PBXContainerItemProxy;
			containerPortal = B1CBF6401B291577007E9AC9 /* Project object */;
			proxyType = 1;
			remoteGlobalIDString = B1CBF6471B291577007E9AC9;
			remoteInfo = RuntimeTest;
		};
/* End PBXContainerItemProxy section */

/* Begin PBXFileReference section */
		B1CBF6481B291577007E9AC9 /* RuntimeTest.app */ = {isa = PBXFileReference; explicitFileType = wrapper.application; includeInIndex = 0; path = RuntimeTest.app; sourceTree = BUILT_PRODUCTS_DIR; };
		B1CBF64C1B291577007E9AC9 /* Info.plist */ = {isa = PBXFileReference; lastKnownFileType = text.plist.xml; path = Info.plist; sourceTree = "<group>"; };
		B1CBF64D1B291577007E9AC9 /* main.m */ = {isa = PBXFileReference; lastKnownFileType = sourcecode.c.objc; path = main.m; sourceTree = "<group>"; };
		B1CBF64F1B291577007E9AC9 /* AppDelegate.h */ = {isa = PBXFileReference; lastKnownFileType = sourcecode.c.h; path = AppDelegate.h; sourceTree = "<group>"; };
		B1CBF6501B291577007E9AC9 /* AppDelegate.m */ = {isa = PBXFileReference; lastKnownFileType = sourcecode.c.objc; path = AppDelegate.m; sourceTree = "<group>"; };
		B1CBF6521B291577007E9AC9 /* ViewController.h */ = {isa = PBXFileReference; lastKnownFileType = sourcecode.c.h; path = ViewController.h; sourceTree = "<group>"; };
		B1CBF6531B291577007E9AC9 /* ViewController.m */ = {isa = PBXFileReference; lastKnownFileType = sourcecode.c.objc; path = ViewController.m; sourceTree = "<group>"; };
		B1CBF6561B291577007E9AC9 /* Base */ = {isa = PBXFileReference; lastKnownFileType = file.storyboard; name = Base; path = Base.lproj/Main.storyboard; sourceTree = "<group>"; };
		B1CBF6581B291577007E9AC9 /* Images.xcassets */ = {isa = PBXFileReference; lastKnownFileType = folder.assetcatalog; path = Images.xcassets; sourceTree = "<group>"; };
		B1CBF65B1B291577007E9AC9 /* Base */ = {isa = PBXFileReference; lastKnownFileType = file.xib; name = Base; path = Base.lproj/LaunchScreen.xib; sourceTree = "<group>"; };
		B1CBF6611B291577007E9AC9 /* RuntimeTestTests.xctest */ = {isa = PBXFileReference; explicitFileType = wrapper.cfbundle; includeInIndex = 0; path = RuntimeTestTests.xctest; sourceTree = BUILT_PRODUCTS_DIR; };
		B1CBF6661B291577007E9AC9 /* Info.plist */ = {isa = PBXFileReference; lastKnownFileType = text.plist.xml; path = Info.plist; sourceTree = "<group>"; };
		B1CBF6671B291577007E9AC9 /* RuntimeTestTests.m */ = {isa = PBXFileReference; lastKnownFileType = sourcecode.c.objc; path = RuntimeTestTests.m; sourceTree = "<group>"; };
		B1CBF6711B291587007E9AC9 /* Student.h */ = {isa = PBXFileReference; fileEncoding = 4; lastKnownFileType = sourcecode.c.h; path = Student.h; sourceTree = "<group>"; };
		B1CBF6721B291587007E9AC9 /* Student.m */ = {isa = PBXFileReference; fileEncoding = 4; lastKnownFileType = sourcecode.c.objc; path = Student.m; sourceTree = "<group>"; };
		B1CBF6731B291587007E9AC9 /* People.h */ = {isa = PBXFileReference; fileEncoding = 4; lastKnownFileType = sourcecode.c.h; path = People.h; sourceTree = "<group>"; };
		B1CBF6741B291587007E9AC9 /* People.m */ = {isa = PBXFileReference; fileEncoding = 4; lastKnownFileType = sourcecode.c.objc; path = People.m; sourceTree = "<group>"; };
		B1CBF67A1B2927D1007E9AC9 /* UIButton+Address.h */ = {isa = PBXFileReference; fileEncoding = 4; lastKnownFileType = sourcecode.c.h; path = "UIButton+Address.h"; sourceTree = "<group>"; };
		B1CBF67B1B2927D1007E9AC9 /* UIButton+Address.m */ = {isa = PBXFileReference; fileEncoding = 4; lastKnownFileType = sourcecode.c.objc; path = "UIButton+Address.m"; sourceTree = "<group>"; };
		B1CBF67D1B292C59007E9AC9 /* UIViewController+Tracking.h */ = {isa = PBXFileReference; fileEncoding = 4; lastKnownFileType = sourcecode.c.h; path = "UIViewController+Tracking.h"; sourceTree = "<group>"; };
		B1CBF67E1B292C59007E9AC9 /* UIViewController+Tracking.m */ = {isa = PBXFileReference; fileEncoding = 4; lastKnownFileType = sourcecode.c.objc; path = "UIViewController+Tracking.m"; sourceTree = "<group>"; };
		B1CBF6801B293523007E9AC9 /* JRSwizzle.h */ = {isa = PBXFileReference; fileEncoding = 4; lastKnownFileType = sourcecode.c.h; path = JRSwizzle.h; sourceTree = "<group>"; };
		B1CBF6811B293523007E9AC9 /* JRSwizzle.m */ = {isa = PBXFileReference; fileEncoding = 4; lastKnownFileType = sourcecode.c.objc; path = JRSwizzle.m; sourceTree = "<group>"; };
		B1CBF6861B2939DF007E9AC9 /* NSNotificationCenter+Help.h */ = {isa = PBXFileReference; fileEncoding = 4; lastKnownFileType = sourcecode.c.h; path = "NSNotificationCenter+Help.h"; sourceTree = "<group>"; };
		B1CBF6871B2939DF007E9AC9 /* NSNotificationCenter+Help.m */ = {isa = PBXFileReference; fileEncoding = 4; lastKnownFileType = sourcecode.c.objc; path = "NSNotificationCenter+Help.m"; sourceTree = "<group>"; };
/* End PBXFileReference section */

/* Begin PBXFrameworksBuildPhase section */
		B1CBF6451B291577007E9AC9 /* Frameworks */ = {
			isa = PBXFrameworksBuildPhase;
			buildActionMask = 2147483647;
			files = (
			);
			runOnlyForDeploymentPostprocessing = 0;
		};
		B1CBF65E1B291577007E9AC9 /* Frameworks */ = {
			isa = PBXFrameworksBuildPhase;
			buildActionMask = 2147483647;
			files = (
			);
			runOnlyForDeploymentPostprocessing = 0;
		};
/* End PBXFrameworksBuildPhase section */

/* Begin PBXGroup section */
		B1CBF63F1B291577007E9AC9 = {
			isa = PBXGroup;
			children = (
				B1CBF64A1B291577007E9AC9 /* RuntimeTest */,
				B1CBF6641B291577007E9AC9 /* RuntimeTestTests */,
				B1CBF6491B291577007E9AC9 /* Products */,
			);
			sourceTree = "<group>";
		};
		B1CBF6491B291577007E9AC9 /* Products */ = {
			isa = PBXGroup;
			children = (
				B1CBF6481B291577007E9AC9 /* RuntimeTest.app */,
				B1CBF6611B291577007E9AC9 /* RuntimeTestTests.xctest */,
			);
			name = Products;
			sourceTree = "<group>";
		};
		B1CBF64A1B291577007E9AC9 /* RuntimeTest */ = {
			isa = PBXGroup;
			children = (
				B1CBF64F1B291577007E9AC9 /* AppDelegate.h */,
				B1CBF6501B291577007E9AC9 /* AppDelegate.m */,
				B1CBF6521B291577007E9AC9 /* ViewController.h */,
				B1CBF6531B291577007E9AC9 /* ViewController.m */,
				B1CBF6551B291577007E9AC9 /* Main.storyboard */,
				B1CBF6801B293523007E9AC9 /* JRSwizzle.h */,
				B1CBF6811B293523007E9AC9 /* JRSwizzle.m */,
				B1CBF6711B291587007E9AC9 /* Student.h */,
				B1CBF6721B291587007E9AC9 /* Student.m */,
				B1CBF6731B291587007E9AC9 /* People.h */,
				B1CBF6741B291587007E9AC9 /* People.m */,
				B1CBF6581B291577007E9AC9 /* Images.xcassets */,
				B1CBF65A1B291577007E9AC9 /* LaunchScreen.xib */,
				B1CBF64B1B291577007E9AC9 /* Supporting Files */,
				B1CBF67A1B2927D1007E9AC9 /* UIButton+Address.h */,
				B1CBF67B1B2927D1007E9AC9 /* UIButton+Address.m */,
				B1CBF67D1B292C59007E9AC9 /* UIViewController+Tracking.h */,
				B1CBF67E1B292C59007E9AC9 /* UIViewController+Tracking.m */,
				B1CBF6861B2939DF007E9AC9 /* NSNotificationCenter+Help.h */,
				B1CBF6871B2939DF007E9AC9 /* NSNotificationCenter+Help.m */,
			);
			path = RuntimeTest;
			sourceTree = "<group>";
		};
		B1CBF64B1B291577007E9AC9 /* Supporting Files */ = {
			isa = PBXGroup;
			children = (
				B1CBF64C1B291577007E9AC9 /* Info.plist */,
				B1CBF64D1B291577007E9AC9 /* main.m */,
			);
			name = "Supporting Files";
			sourceTree = "<group>";
		};
		B1CBF6641B291577007E9AC9 /* RuntimeTestTests */ = {
			isa = PBXGroup;
			children = (
				B1CBF6671B291577007E9AC9 /* RuntimeTestTests.m */,
				B1CBF6651B291577007E9AC9 /* Supporting Files */,
			);
			path = RuntimeTestTests;
			sourceTree = "<group>";
		};
		B1CBF6651B291577007E9AC9 /* Supporting Files */ = {
			isa = PBXGroup;
			children = (
				B1CBF6661B291577007E9AC9 /* Info.plist */,
			);
			name = "Supporting Files";
			sourceTree = "<group>";
		};
/* End PBXGroup section */

/* Begin PBXNativeTarget section */
		B1CBF6471B291577007E9AC9 /* RuntimeTest */ = {
			isa = PBXNativeTarget;
			buildConfigurationList = B1CBF66B1B291577007E9AC9 /* Build configuration list for PBXNativeTarget "RuntimeTest" */;
			buildPhases = (
				B1CBF6441B291577007E9AC9 /* Sources */,
				B1CBF6451B291577007E9AC9 /* Frameworks */,
				B1CBF6461B291577007E9AC9 /* Resources */,
			);
			buildRules = (
			);
			dependencies = (
			);
			name = RuntimeTest;
			productName = RuntimeTest;
			productReference = B1CBF6481B291577007E9AC9 /* RuntimeTest.app */;
			productType = "com.apple.product-type.application";
		};
		B1CBF6601B291577007E9AC9 /* RuntimeTestTests */ = {
			isa = PBXNativeTarget;
			buildConfigurationList = B1CBF66E1B291577007E9AC9 /* Build configuration list for PBXNativeTarget "RuntimeTestTests" */;
			buildPhases = (
				B1CBF65D1B291577007E9AC9 /* Sources */,
				B1CBF65E1B291577007E9AC9 /* Frameworks */,
				B1CBF65F1B291577007E9AC9 /* Resources */,
			);
			buildRules = (
			);
			dependencies = (
				B1CBF6631B291577007E9AC9 /* PBXTargetDependency */,
			);
			name = RuntimeTestTests;
			productName = RuntimeTestTests;
			productReference = B1CBF6611B291577007E9AC9 /* RuntimeTestTests.xctest */;
			productType = "com.apple.product-type.bundle.unit-test";
		};
/* End PBXNativeTarget section */

/* Begin PBXProject section */
		B1CBF6401B291577007E9AC9 /* Project object */ = {
			isa = PBXProject;
			attributes = {
				LastUpgradeCheck = 0620;
				ORGANIZATIONNAME = iiseeuu;
				TargetAttributes = {
					B1CBF6471B291577007E9AC9 = {
						CreatedOnToolsVersion = 6.2;
					};
					B1CBF6601B291577007E9AC9 = {
						CreatedOnToolsVersion = 6.2;
						TestTargetID = B1CBF6471B291577007E9AC9;
					};
				};
			};
			buildConfigurationList = B1CBF6431B291577007E9AC9 /* Build configuration list for PBXProject "RuntimeTest" */;
			compatibilityVersion = "Xcode 3.2";
			developmentRegion = English;
			hasScannedForEncodings = 0;
			knownRegions = (
				en,
				Base,
			);
			mainGroup = B1CBF63F1B291577007E9AC9;
			productRefGroup = B1CBF6491B291577007E9AC9 /* Products */;
			projectDirPath = "";
			projectRoot = "";
			targets = (
				B1CBF6471B291577007E9AC9 /* RuntimeTest */,
				B1CBF6601B291577007E9AC9 /* RuntimeTestTests */,
			);
		};
/* End PBXProject section */

/* Begin PBXResourcesBuildPhase section */
		B1CBF6461B291577007E9AC9 /* Resources */ = {
			isa = PBXResourcesBuildPhase;
			buildActionMask = 2147483647;
			files = (
				B1CBF6571B291577007E9AC9 /* Main.storyboard in Resources */,
				B1CBF65C1B291577007E9AC9 /* LaunchScreen.xib in Resources */,
				B1CBF6591B291577007E9AC9 /* Images.xcassets in Resources */,
			);
			runOnlyForDeploymentPostprocessing = 0;
		};
		B1CBF65F1B291577007E9AC9 /* Resources */ = {
			isa = PBXResourcesBuildPhase;
			buildActionMask = 2147483647;
			files = (
			);
			runOnlyForDeploymentPostprocessing = 0;
		};
/* End PBXResourcesBuildPhase section */

/* Begin PBXSourcesBuildPhase section */
		B1CBF6441B291577007E9AC9 /* Sources */ = {
			isa = PBXSourcesBuildPhase;
			buildActionMask = 2147483647;
			files = (
				B1CBF6541B291577007E9AC9 /* ViewController.m in Sources */,
				B1CBF6511B291577007E9AC9 /* AppDelegate.m in Sources */,
				B1CBF6821B293523007E9AC9 /* JRSwizzle.m in Sources */,
				B1CBF6761B291587007E9AC9 /* People.m in Sources */,
				B1CBF64E1B291577007E9AC9 /* main.m in Sources */,
				B1CBF67C1B2927D1007E9AC9 /* UIButton+Address.m in Sources */,
				B1CBF67F1B292C59007E9AC9 /* UIViewController+Tracking.m in Sources */,
				B1CBF6751B291587007E9AC9 /* Student.m in Sources */,
				B1CBF6881B2939DF007E9AC9 /* NSNotificationCenter+Help.m in Sources */,
			);
			runOnlyForDeploymentPostprocessing = 0;
		};
		B1CBF65D1B291577007E9AC9 /* Sources */ = {
			isa = PBXSourcesBuildPhase;
			buildActionMask = 2147483647;
			files = (
				B1CBF6681B291577007E9AC9 /* RuntimeTestTests.m in Sources */,
			);
			runOnlyForDeploymentPostprocessing = 0;
		};
/* End PBXSourcesBuildPhase section */

/* Begin PBXTargetDependency section */
		B1CBF6631B291577007E9AC9 /* PBXTargetDependency */ = {
			isa = PBXTargetDependency;
			target = B1CBF6471B291577007E9AC9 /* RuntimeTest */;
			targetProxy = B1CBF6621B291577007E9AC9 /* PBXContainerItemProxy */;
		};
/* End PBXTargetDependency section */

/* Begin PBXVariantGroup section */
		B1CBF6551B291577007E9AC9 /* Main.storyboard */ = {
			isa = PBXVariantGroup;
			children = (
				B1CBF6561B291577007E9AC9 /* Base */,
			);
			name = Main.storyboard;
			sourceTree = "<group>";
		};
		B1CBF65A1B291577007E9AC9 /* LaunchScreen.xib */ = {
			isa = PBXVariantGroup;
			children = (
				B1CBF65B1B291577007E9AC9 /* Base */,
			);
			name = LaunchScreen.xib;
			sourceTree = "<group>";
		};
/* End PBXVariantGroup section */

/* Begin XCBuildConfiguration section */
		B1CBF6691B291577007E9AC9 /* Debug */ = {
			isa = XCBuildConfiguration;
			buildSettings = {
				ALWAYS_SEARCH_USER_PATHS = NO;
				CLANG_CXX_LANGUAGE_STANDARD = "gnu++0x";
				CLANG_CXX_LIBRARY = "libc++";
				CLANG_ENABLE_MODULES = YES;
				CLANG_ENABLE_OBJC_ARC = YES;
				CLANG_WARN_BOOL_CONVERSION = YES;
				CLANG_WARN_CONSTANT_CONVERSION = YES;
				CLANG_WARN_DIRECT_OBJC_ISA_USAGE = YES_ERROR;
				CLANG_WARN_EMPTY_BODY = YES;
				CLANG_WARN_ENUM_CONVERSION = YES;
				CLANG_WARN_INT_CONVERSION = YES;
				CLANG_WARN_OBJC_ROOT_CLASS = YES_ERROR;
				CLANG_WARN_UNREACHABLE_CODE = YES;
				CLANG_WARN__DUPLICATE_METHOD_MATCH = YES;
				"CODE_SIGN_IDENTITY[sdk=iphoneos*]" = "iPhone Developer";
				COPY_PHASE_STRIP = NO;
				ENABLE_STRICT_OBJC_MSGSEND = YES;
				GCC_C_LANGUAGE_STANDARD = gnu99;
				GCC_DYNAMIC_NO_PIC = NO;
				GCC_OPTIMIZATION_LEVEL = 0;
				GCC_PREPROCESSOR_DEFINITIONS = (
					"DEBUG=1",
					"$(inherited)",
				);
				GCC_SYMBOLS_PRIVATE_EXTERN = NO;
				GCC_WARN_64_TO_32_BIT_CONVERSION = YES;
				GCC_WARN_ABOUT_RETURN_TYPE = YES_ERROR;
				GCC_WARN_UNDECLARED_SELECTOR = YES;
				GCC_WARN_UNINITIALIZED_AUTOS = YES_AGGRESSIVE;
				GCC_WARN_UNUSED_FUNCTION = YES;
				GCC_WARN_UNUSED_VARIABLE = YES;
				IPHONEOS_DEPLOYMENT_TARGET = 8.2;
				MTL_ENABLE_DEBUG_INFO = YES;
				ONLY_ACTIVE_ARCH = YES;
				SDKROOT = iphoneos;
				TARGETED_DEVICE_FAMILY = "1,2";
			};
			name = Debug;
		};
		B1CBF66A1B291577007E9AC9 /* Release */ = {
			isa = XCBuildConfiguration;
			buildSettings = {
				ALWAYS_SEARCH_USER_PATHS = NO;
				CLANG_CXX_LANGUAGE_STANDARD = "gnu++0x";
				CLANG_CXX_LIBRARY = "libc++";
				CLANG_ENABLE_MODULES = YES;
				CLANG_ENABLE_OBJC_ARC = YES;
				CLANG_WARN_BOOL_CONVERSION = YES;
				CLANG_WARN_CONSTANT_CONVERSION = YES;
				CLANG_WARN_DIRECT_OBJC_ISA_USAGE = YES_ERROR;
				CLANG_WARN_EMPTY_BODY = YES;
				CLANG_WARN_ENUM_CONVERSION = YES;
				CLANG_WARN_INT_CONVERSION = YES;
				CLANG_WARN_OBJC_ROOT_CLASS = YES_ERROR;
				CLANG_WARN_UNREACHABLE_CODE = YES;
				CLANG_WARN__DUPLICATE_METHOD_MATCH = YES;
				"CODE_SIGN_IDENTITY[sdk=iphoneos*]" = "iPhone Developer";
				COPY_PHASE_STRIP = NO;
				ENABLE_NS_ASSERTIONS = NO;
				ENABLE_STRICT_OBJC_MSGSEND = YES;
				GCC_C_LANGUAGE_STANDARD = gnu99;
				GCC_WARN_64_TO_32_BIT_CONVERSION = YES;
				GCC_WARN_ABOUT_RETURN_TYPE = YES_ERROR;
				GCC_WARN_UNDECLARED_SELECTOR = YES;
				GCC_WARN_UNINITIALIZED_AUTOS = YES_AGGRESSIVE;
				GCC_WARN_UNUSED_FUNCTION = YES;
				GCC_WARN_UNUSED_VARIABLE = YES;
				IPHONEOS_DEPLOYMENT_TARGET = 8.2;
				MTL_ENABLE_DEBUG_INFO = NO;
				SDKROOT = iphoneos;
				TARGETED_DEVICE_FAMILY = "1,2";
				VALIDATE_PRODUCT = YES;
			};
			name = Release;
		};
		B1CBF66C1B291577007E9AC9 /* Debug */ = {
			isa = XCBuildConfiguration;
			buildSettings = {
				ASSETCATALOG_COMPILER_APPICON_NAME = AppIcon;
				INFOPLIST_FILE = RuntimeTest/Info.plist;
				LD_RUNPATH_SEARCH_PATHS = "$(inherited) @executable_path/Frameworks";
				PRODUCT_NAME = "$(TARGET_NAME)";
			};
			name = Debug;
		};
		B1CBF66D1B291577007E9AC9 /* Release */ = {
			isa = XCBuildConfiguration;
			buildSettings = {
				ASSETCATALOG_COMPILER_APPICON_NAME = AppIcon;
				INFOPLIST_FILE = RuntimeTest/Info.plist;
				LD_RUNPATH_SEARCH_PATHS = "$(inherited) @executable_path/Frameworks";
				PRODUCT_NAME = "$(TARGET_NAME)";
			};
			name = Release;
		};
		B1CBF66F1B291577007E9AC9 /* Debug */ = {
			isa = XCBuildConfiguration;
			buildSettings = {
				BUNDLE_LOADER = "$(TEST_HOST)";
				FRAMEWORK_SEARCH_PATHS = (
					"$(SDKROOT)/Developer/Library/Frameworks",
					"$(inherited)",
				);
				GCC_PREPROCESSOR_DEFINITIONS = (
					"DEBUG=1",
					"$(inherited)",
				);
				INFOPLIST_FILE = RuntimeTestTests/Info.plist;
				LD_RUNPATH_SEARCH_PATHS = "$(inherited) @executable_path/Frameworks @loader_path/Frameworks";
				PRODUCT_NAME = "$(TARGET_NAME)";
				TEST_HOST = "$(BUILT_PRODUCTS_DIR)/RuntimeTest.app/RuntimeTest";
			};
			name = Debug;
		};
		B1CBF6701B291577007E9AC9 /* Release */ = {
			isa = XCBuildConfiguration;
			buildSettings = {
				BUNDLE_LOADER = "$(TEST_HOST)";
				FRAMEWORK_SEARCH_PATHS = (
					"$(SDKROOT)/Developer/Library/Frameworks",
					"$(inherited)",
				);
				INFOPLIST_FILE = RuntimeTestTests/Info.plist;
				LD_RUNPATH_SEARCH_PATHS = "$(inherited) @executable_path/Frameworks @loader_path/Frameworks";
				PRODUCT_NAME = "$(TARGET_NAME)";
				TEST_HOST = "$(BUILT_PRODUCTS_DIR)/RuntimeTest.app/RuntimeTest";
			};
			name = Release;
		};
/* End XCBuildConfiguration section */

/* Begin XCConfigurationList section */
		B1CBF6431B291577007E9AC9 /* Build configuration list for PBXProject "RuntimeTest" */ = {
			isa = XCConfigurationList;
			buildConfigurations = (
				B1CBF6691B291577007E9AC9 /* Debug */,
				B1CBF66A1B291577007E9AC9 /* Release */,
			);
			defaultConfigurationIsVisible = 0;
			defaultConfigurationName = Release;
		};
		B1CBF66B1B291577007E9AC9 /* Build configuration list for PBXNativeTarget "RuntimeTest" */ = {
			isa = XCConfigurationList;
			buildConfigurations = (
				B1CBF66C1B291577007E9AC9 /* Debug */,
				B1CBF66D1B291577007E9AC9 /* Release */,
			);
			defaultConfigurationIsVisible = 0;
			defaultConfigurationName = Release;
		};
		B1CBF66E1B291577007E9AC9 /* Build configuration list for PBXNativeTarget "RuntimeTestTests" */ = {
			isa = XCConfigurationList;
			buildConfigurations = (
				B1CBF66F1B291577007E9AC9 /* Debug */,
				B1CBF6701B291577007E9AC9 /* Release */,
			);
			defaultConfigurationIsVisible = 0;
			defaultConfigurationName = Release;
		};
/* End XCConfigurationList section */
	};
	rootObject = B1CBF6401B291577007E9AC9 /* Project object */;
}
